{
  "name": "radar",
  "version": "0.0.1",
  "lockfileVersion": 1,
  "requires": true,
  "dependencies": {
    "@a11y/focus-trap": {
      "version": "git+https://github.com/patrickarlt/focus-trap.git#de1fcb4d86a766515a7389603f04071e09703435",
      "from": "git+https://github.com/patrickarlt/focus-trap.git#conditional-define-build"
    },
    "@esri/arcgis-rest-auth": {
      "version": "2.8.1",
      "resolved": "https://registry.npmjs.org/@esri/arcgis-rest-auth/-/arcgis-rest-auth-2.8.1.tgz",
      "integrity": "sha512-fZtNKEXLRN2C3XvSBHRt9+ZE7dJE32zFbjQoc14T0HKd7WcKcn+I3Fz0TJQTEYHbPGC2Oyr+v3QPfSR8B10dow==",
      "requires": {
        "@esri/arcgis-rest-types": "^2.8.1",
        "tslib": "^1.9.3"
      }
    },
    "@esri/arcgis-rest-feature-layer": {
      "version": "2.8.1",
      "resolved": "https://registry.npmjs.org/@esri/arcgis-rest-feature-layer/-/arcgis-rest-feature-layer-2.8.1.tgz",
      "integrity": "sha512-8C1uFRFwlVlJAAZYNN+dK6yRArvs3do2ZCsyoEdSRL7KrBRayctST6iA4/MGcRwsLKlI5rBeBmjpOWl2PIzdqg==",
      "requires": {
        "@esri/arcgis-rest-types": "^2.8.1",
        "tslib": "^1.9.3"
      }
    },
    "@esri/arcgis-rest-geocoding": {
      "version": "2.8.1",
      "resolved": "https://registry.npmjs.org/@esri/arcgis-rest-geocoding/-/arcgis-rest-geocoding-2.8.1.tgz",
      "integrity": "sha512-+j/HesrgEMHJ8ck4HCVur6v21nhQ4EPauYU7CkYDs3jbBnRNmCHT8vFHyCu8o38FsPE0nGB0ggVpo31MH0CHoA==",
      "requires": {
        "@esri/arcgis-rest-types": "^2.8.1",
        "tslib": "^1.9.3"
      }
    },
    "@esri/arcgis-rest-portal": {
      "version": "2.8.1",
      "resolved": "https://registry.npmjs.org/@esri/arcgis-rest-portal/-/arcgis-rest-portal-2.8.1.tgz",
      "integrity": "sha512-lZlSpOLbeMsjyeHoo4ekrZy3pWYYuigj2DTl2axTTtfs/phpJ35ToyzTNWgMW6B8u6x4gJoM26E0c+bMOGcZlA==",
      "requires": {
        "@esri/arcgis-rest-types": "^2.8.1",
        "tslib": "^1.9.3"
      }
    },
    "@esri/arcgis-rest-request": {
      "version": "2.8.1",
      "resolved": "https://registry.npmjs.org/@esri/arcgis-rest-request/-/arcgis-rest-request-2.8.1.tgz",
      "integrity": "sha512-gaL0y9kDpkoz4J4g/QzEJabQJOBdSDHytMRxud/ikf1bvr8OZXI9I7U6eKQvMupwn9kR+vBh6zojKe7wPCnoCQ==",
      "requires": {
        "tslib": "^1.9.3"
      }
    },
    "@esri/arcgis-rest-types": {
      "version": "2.8.1",
      "resolved": "https://registry.npmjs.org/@esri/arcgis-rest-types/-/arcgis-rest-types-2.8.1.tgz",
      "integrity": "sha512-FA9nQnLpYWCqyMVl85cOk4yyNQdMQ5JOHvbnFRuJTuudzGqDShLyfWM8SncHVQ8MuwXbuvgMgaTU7HOt1NV9pg=="
    },
    "@esri/calcite-components": {
      "version": "1.0.0-beta.18",
      "resolved": "https://registry.npmjs.org/@esri/calcite-components/-/calcite-components-1.0.0-beta.18.tgz",
      "integrity": "sha512-ia3v1Fo8DKEeqoBAytJi76s7thTXixxl1uFJqfTFKJt1m8QVqj6oJMFSBfIXNT6qBvXQwx9CMg2h/pfDSl8/Ag==",
      "requires": {
        "@a11y/focus-trap": "git+https://github.com/patrickarlt/focus-trap.git#conditional-define-build",
        "popper.js": "1.16.0"
      }
    },
    "@esri/calcite-ui-icons": {
      "version": "2.7.1",
      "resolved": "https://registry.npmjs.org/@esri/calcite-ui-icons/-/calcite-ui-icons-2.7.1.tgz",
      "integrity": "sha512-XG3t3WbfJeA0/KadImznxMPNORhQk0E+p33upEdo4eU5iTBdPL7At6bkOR/kWzFu/5cCM090FrCW4EyrhNhM9A=="
    },
    "@esri/hub-common": {
      "version": "3.6.5",
      "resolved": "https://registry.npmjs.org/@esri/hub-common/-/hub-common-3.6.5.tgz",
      "integrity": "sha512-fGVX6lP25aNndUPAhyfYxPkAjfaZEr3dOxGWVBX75rV88HfmxrvXxstLlM7NGTXOmhPIgWIrx+f3RwoUw067tQ==",
      "requires": {
        "tslib": "^1.9.3"
      }
    },
    "@esri/hub-initiatives": {
      "version": "3.6.5",
      "resolved": "https://registry.npmjs.org/@esri/hub-initiatives/-/hub-initiatives-3.6.5.tgz",
      "integrity": "sha512-bl9BBw0U+8LXOdeqt/8TJtYtnFDViWIM+olF01sJU+aZSdhxecWhfHnwJtrtyWEsCHMZNa1Vq+l8rNWn0CWvjQ==",
      "requires": {
        "tslib": "^1.9.3"
      }
    },
    "@esri/hub-search": {
      "version": "3.6.5",
      "resolved": "https://registry.npmjs.org/@esri/hub-search/-/hub-search-3.6.5.tgz",
      "integrity": "sha512-DXQ6G7Zmb9iWb56Ea/zBz0OJjVa29MnUx3dUKmKhbWvvpk42/Lq6G8LF7iKrBPgtsSH1B+APKOLGZ/8jGFKS1Q==",
      "requires": {
        "tslib": "^1.9.3"
      }
    },
    "@esri/hub-sites": {
      "version": "3.6.5",
      "resolved": "https://registry.npmjs.org/@esri/hub-sites/-/hub-sites-3.6.5.tgz",
      "integrity": "sha512-dWbo2d4rVrMzXaRFn7UcGxkkQ4i8pgu6Wpm3QKUrFzStVLnLvN33yQKgkS6FHEVB2/KSSJcBOhmx5I1kjmnLOw==",
      "requires": {
        "tslib": "^1.9.3"
      }
    },
    "@stencil/core": {
      "version": "1.8.4",
      "resolved": "https://registry.npmjs.org/@stencil/core/-/core-1.8.4.tgz",
      "integrity": "sha512-QqMd7PtqsnhZCqflGp1pQNhbMSaqJho9l5ZSZfbl2OP2q1SdVuKUl/vatAT+++Ml7duC6OZCNsvhLvvP6Mr7GQ==",
      "dev": true,
      "requires": {
        "typescript": "3.7.2"
      }
    },
    "@types/arcgis-js-api": {
      "version": "4.14.0",
      "resolved": "https://registry.npmjs.org/@types/arcgis-js-api/-/arcgis-js-api-4.14.0.tgz",
      "integrity": "sha512-TGOfVtEpC5mIVqHwZRGS2OLx8D47AsPfUgDw/Z4IdTOOjMY+7/Hd25mu8xPkoEYNKy88jFYD/7eUIZWDBPUvKQ=="
    },
    "@types/node": {
      "version": "13.7.0",
      "resolved": "https://registry.npmjs.org/@types/node/-/node-13.7.0.tgz",
      "integrity": "sha512-GnZbirvmqZUzMgkFn70c74OQpTTUcCzlhQliTzYjQMqg+hVKcDnxdL19Ne3UdYzdMA/+W3eb646FWn/ZaT1NfQ=="
    },
    "esri-loader": {
      "version": "2.13.0",
      "resolved": "https://registry.npmjs.org/esri-loader/-/esri-loader-2.13.0.tgz",
      "integrity": "sha512-8a0sKovo1p3udCzj4ybT4/bn4+1w3tAhRIKbrL+KrV08919luOc+PR0gsnh4X7fbZ1KaU8uLt3KcpIhio71TlA=="
    },
    "popper.js": {
      "version": "1.16.0",
      "resolved": "https://registry.npmjs.org/popper.js/-/popper.js-1.16.0.tgz",
      "integrity": "sha512-+G+EkOPoE5S/zChTpmBSSDYmhXJ5PsW8eMhH8cP/CQHMFPBG/kC9Y5IIw6qNYgdJ+/COf0ddY2li28iHaZRSjw=="
    },
    "tslib": {
      "version": "1.10.0",
      "resolved": "https://registry.npmjs.org/tslib/-/tslib-1.10.0.tgz",
      "integrity": "sha512-qOebF53frne81cf0S9B41ByenJ3/IuH8yJKngAX35CmiZySA0khhkovshKK+jGCaMnVomla7gVlIcc3EvKPbTQ=="
    },
    "typescript": {
      "version": "3.7.2",
      "resolved": "https://registry.npmjs.org/typescript/-/typescript-3.7.2.tgz",
      "integrity": "sha512-ml7V7JfiN2Xwvcer+XAf2csGO1bPBdRbFCkYBczNZggrBZ9c7G3riSUeJmqEU5uOtXNPMhE3n+R4FA/3YOAWOQ==",
      "dev": true
    }
  }
}
